
Microsoft Visual Studio Solution File, Format Version 12.00
# Visual Studio Version 17
VisualStudioVersion = 17.6.33815.320
MinimumVisualStudioVersion = 10.0.40219.1
Project("{9A19103F-16F7-4668-BE54-9A1E7A4F7556}") = "Net3.Services.Channel", "Net3.Services.Channel\Net3.Services.Channel.csproj", "{3657F596-4F92-493A-AB94-4C1C1B9D93A4}"
	ProjectSection(ProjectDependencies) = postProject
		{F388E466-9C47-4CA3-B04E-654AD60E8E65} = {F388E466-9C47-4CA3-B04E-654AD60E8E65}
	EndProjectSection
EndProject
Project("{9A19103F-16F7-4668-BE54-9A1E7A4F7556}") = "Net3.Services.Channel.Services", "Net3.Services.Channel.Services\Net3.Services.Channel.Services.csproj", "{F388E466-9C47-4CA3-B04E-654AD60E8E65}"
EndProject
Project("{FAE04EC0-301F-11D3-BF4B-00C04F79EFBC}") = "Net3.Services.Channel.Tests", "Net3.Services.Channel.Tests\Net3.Services.Channel.Tests.csproj", "{B34E37E7-9D3E-464C-B877-A4D00C514AE9}"
EndProject
Global
	GlobalSection(SolutionConfigurationPlatforms) = preSolution
		Debug|Any CPU = Debug|Any CPU
		Release|Any CPU = Release|Any CPU
	EndGlobalSection
	GlobalSection(ProjectConfigurationPlatforms) = postSolution
		{3657F596-4F92-493A-AB94-4C1C1B9D93A4}.Debug|Any CPU.ActiveCfg = Debug|Any CPU
		{3657F596-4F92-493A-AB94-4C1C1B9D93A4}.Debug|Any CPU.Build.0 = Debug|Any CPU
		{3657F596-4F92-493A-AB94-4C1C1B9D93A4}.Release|Any CPU.ActiveCfg = Release|Any CPU
		{3657F596-4F92-493A-AB94-4C1C1B9D93A4}.Release|Any CPU.Build.0 = Release|Any CPU
		{F388E466-9C47-4CA3-B04E-654AD60E8E65}.Debug|Any CPU.ActiveCfg = Debug|Any CPU
		{F388E466-9C47-4CA3-B04E-654AD60E8E65}.Debug|Any CPU.Build.0 = Debug|Any CPU
		{F388E466-9C47-4CA3-B04E-654AD60E8E65}.Release|Any CPU.ActiveCfg = Release|Any CPU
		{F388E466-9C47-4CA3-B04E-654AD60E8E65}.Release|Any CPU.Build.0 = Release|Any CPU
		{B34E37E7-9D3E-464C-B877-A4D00C514AE9}.Debug|Any CPU.ActiveCfg = Debug|Any CPU
		{B34E37E7-9D3E-464C-B877-A4D00C514AE9}.Debug|Any CPU.Build.0 = Debug|Any CPU
		{B34E37E7-9D3E-464C-B877-A4D00C514AE9}.Release|Any CPU.ActiveCfg = Release|Any CPU
		{B34E37E7-9D3E-464C-B877-A4D00C514AE9}.Release|Any CPU.Build.0 = Release|Any CPU
	EndGlobalSection
	GlobalSection(SolutionProperties) = preSolution
		HideSolutionNode = FALSE
	EndGlobalSection
	GlobalSection(ExtensibilityGlobals) = postSolution
		SolutionGuid = {09B52DF7-3E42-46BA-98B3-B902DB5F4073}
	EndGlobalSection
EndGlobal
